<?xml version="1.0" encoding="utf-8"?>
<Project ToolsVersion="4.0" xmlns="http://schemas.microsoft.com/developer/msbuild/2003">
  <ItemGroup>
    <ClInclude Include="wname.h" />
    <ClInclude Include="stdafx.h" />
    <ClInclude Include="logger\Ilogger.h">
      <Filter>logger</Filter>
    </ClInclude>
    <ClInclude Include="logger\EMessageType.h">
      <Filter>logger</Filter>
    </ClInclude>
    <ClInclude Include="logger\CLoggerToFile.h">
      <Filter>logger</Filter>
    </ClInclude>
    <ClInclude Include="handle\CHandle.h">
      <Filter>handle</Filter>
    </ClInclude>
    <ClInclude Include="handle\CEvent.h">
      <Filter>handle</Filter>
    </ClInclude>
    <ClInclude Include="misc\CThreadTls.h">
      <Filter>misc</Filter>
    </ClInclude>
    <ClInclude Include="misc\CInterlockedList.h">
      <Filter>misc</Filter>
    </ClInclude>
    <ClInclude Include="misc\CCounter.h">
      <Filter>misc</Filter>
    </ClInclude>
    <ClInclude Include="misc\CCounterScoped.h">
      <Filter>misc</Filter>
    </ClInclude>
    <ClInclude Include="critical section\CCriticalSection.h">
      <Filter>critical section</Filter>
    </ClInclude>
    <ClInclude Include="critical section\CCriticalSectionScoped.h">
      <Filter>critical section</Filter>
    </ClInclude>
    <ClInclude Include="io\iocp\CIocp.h">
      <Filter>io\iocp</Filter>
    </ClInclude>
    <ClInclude Include="io\iocp\CAsyncOperation.h">
      <Filter>io\iocp</Filter>
    </ClInclude>
    <ClInclude Include="io\iocp\CThreadPoolWorker.h">
      <Filter>io\iocp</Filter>
    </ClInclude>
    <ClInclude Include="io\iocp\CThreadPool.h">
      <Filter>io\iocp</Filter>
    </ClInclude>
    <ClInclude Include="io\CAsyncIo.h">
      <Filter>io</Filter>
    </ClInclude>
    <ClInclude Include="filesystem\CFile.h">
      <Filter>filesystem</Filter>
    </ClInclude>
    <ClInclude Include="filesystem\CDirectory.h">
      <Filter>filesystem</Filter>
    </ClInclude>
    <ClInclude Include="crypto\CMD5.h">
      <Filter>crypto</Filter>
    </ClInclude>
    <ClInclude Include="crypto\CCrc32.h">
      <Filter>crypto</Filter>
    </ClInclude>
  </ItemGroup>
  <ItemGroup>
    <Filter Include="logger">
      <UniqueIdentifier>{643297cb-e94f-4efc-b6b6-dd6c8e60976e}</UniqueIdentifier>
    </Filter>
    <Filter Include="handle">
      <UniqueIdentifier>{8eece104-e702-493d-a041-d95f6caca77e}</UniqueIdentifier>
    </Filter>
    <Filter Include="misc">
      <UniqueIdentifier>{39dc5723-f78f-4f0e-a58e-d506c1c68e2a}</UniqueIdentifier>
    </Filter>
    <Filter Include="critical section">
      <UniqueIdentifier>{46c8b5a7-0323-4bff-aed0-5fe75dbada54}</UniqueIdentifier>
    </Filter>
    <Filter Include="io">
      <UniqueIdentifier>{cd14400f-e590-4b05-a401-02e188301780}</UniqueIdentifier>
    </Filter>
    <Filter Include="io\iocp">
      <UniqueIdentifier>{6be5dd23-6afe-40d2-bbc2-98d8acac13e5}</UniqueIdentifier>
    </Filter>
    <Filter Include="filesystem">
      <UniqueIdentifier>{7d903948-858f-40b3-a748-ef17b6b9d56e}</UniqueIdentifier>
    </Filter>
    <Filter Include="crypto">
      <UniqueIdentifier>{ca02382f-af95-45ef-90d6-c26fc574fb39}</UniqueIdentifier>
    </Filter>
  </ItemGroup>
  <ItemGroup>
    <ClCompile Include="logger\Ilogger.cpp">
      <Filter>logger</Filter>
    </ClCompile>
    <ClCompile Include="logger\CLoggerToFile.cpp">
      <Filter>logger</Filter>
    </ClCompile>
    <ClCompile Include="handle\CHandle.cpp">
      <Filter>handle</Filter>
    </ClCompile>
    <ClCompile Include="handle\CEvent.cpp">
      <Filter>handle</Filter>
    </ClCompile>
    <ClCompile Include="misc\CCounter.cpp">
      <Filter>misc</Filter>
    </ClCompile>
    <ClCompile Include="misc\CCounterScoped.cpp">
      <Filter>misc</Filter>
    </ClCompile>
    <ClCompile Include="critical section\CCriticalSection.cpp">
      <Filter>critical section</Filter>
    </ClCompile>
    <ClCompile Include="critical section\CCriticalSectionScoped.cpp">
      <Filter>critical section</Filter>
    </ClCompile>
    <ClCompile Include="io\iocp\CAsyncOperation.cpp">
      <Filter>io\iocp</Filter>
    </ClCompile>
    <ClCompile Include="io\iocp\CThreadPoolWorker.cpp">
      <Filter>io\iocp</Filter>
    </ClCompile>
    <ClCompile Include="io\iocp\CThreadPool.cpp">
      <Filter>io\iocp</Filter>
    </ClCompile>
    <ClCompile Include="io\iocp\CIocp.cpp">
      <Filter>io\iocp</Filter>
    </ClCompile>
    <ClCompile Include="io\CAsyncIo.cpp">
      <Filter>io</Filter>
    </ClCompile>
    <ClCompile Include="filesystem\CFile.cpp">
      <Filter>filesystem</Filter>
    </ClCompile>
    <ClCompile Include="filesystem\CDirectory.cpp">
      <Filter>filesystem</Filter>
    </ClCompile>
    <ClCompile Include="crypto\CMD5.cpp">
      <Filter>crypto</Filter>
    </ClCompile>
    <ClCompile Include="crypto\CCrc32.cpp">
      <Filter>crypto</Filter>
    </ClCompile>
  </ItemGroup>
</Project>