<?xml version="1.0" encoding="utf-8"?>
<Project ToolsVersion="4.0" xmlns="http://schemas.microsoft.com/developer/msbuild/2003">
  <ItemGroup>
    <ClInclude Include="wname.h" />
    <ClInclude Include="stdafx.h" />
    <ClInclude Include="logger\Ilogger.h">
      <Filter>logger</Filter>
    </ClInclude>
    <ClInclude Include="logger\EMessageType.h">
      <Filter>logger</Filter>
    </ClInclude>
    <ClInclude Include="logger\CLoggerToFile.h">
      <Filter>logger</Filter>
    </ClInclude>
    <ClInclude Include="handle\CHandle.h">
      <Filter>handle</Filter>
    </ClInclude>
    <ClInclude Include="handle\CEvent.h">
      <Filter>handle</Filter>
    </ClInclude>
    <ClInclude Include="misc\CThreadTls.h">
      <Filter>misc</Filter>
    </ClInclude>
    <ClInclude Include="misc\CInterlockedList.h">
      <Filter>misc</Filter>
    </ClInclude>
    <ClInclude Include="misc\CCounter.h">
      <Filter>misc</Filter>
    </ClInclude>
    <ClInclude Include="misc\CCounterScoped.h">
      <Filter>misc</Filter>
    </ClInclude>
  </ItemGroup>
  <ItemGroup>
    <Filter Include="logger">
      <UniqueIdentifier>{643297cb-e94f-4efc-b6b6-dd6c8e60976e}</UniqueIdentifier>
    </Filter>
    <Filter Include="handle">
      <UniqueIdentifier>{8eece104-e702-493d-a041-d95f6caca77e}</UniqueIdentifier>
    </Filter>
    <Filter Include="misc">
      <UniqueIdentifier>{39dc5723-f78f-4f0e-a58e-d506c1c68e2a}</UniqueIdentifier>
    </Filter>
  </ItemGroup>
  <ItemGroup>
    <ClCompile Include="logger\Ilogger.cpp">
      <Filter>logger</Filter>
    </ClCompile>
    <ClCompile Include="logger\CLoggerToFile.cpp">
      <Filter>logger</Filter>
    </ClCompile>
    <ClCompile Include="handle\CHandle.cpp">
      <Filter>handle</Filter>
    </ClCompile>
    <ClCompile Include="handle\CEvent.cpp">
      <Filter>handle</Filter>
    </ClCompile>
    <ClCompile Include="misc\CCounter.cpp">
      <Filter>misc</Filter>
    </ClCompile>
    <ClCompile Include="misc\CCounterScoped.cpp">
      <Filter>misc</Filter>
    </ClCompile>
  </ItemGroup>
</Project>